---
label: Welcome Block
hide_body: false
fields:
- name: heading
  type: text
  config:
    required: false
  label: Heading
- name: paragraph
  type: textarea
  default: ''
  config:
    required: false
    wysiwyg: false
    schema:
      format: markdown
  label: Paragraph
- name: button_text
  type: text
  config:
    required: false
  label: Button Text
  description: Button take visitors to the contact page.
- name: featured_image
  type: file
  config:
    maxSize: 250
  label: Featured Image
